
Microsoft Visual Studio Solution File, Format Version 12.00
# Visual Studio Version 16
VisualStudioVersion = 16.0.30517.126
MinimumVisualStudioVersion = 10.0.40219.1
Project("{FAE04EC0-301F-11D3-BF4B-00C04F79EFBC}") = "ApiService", "API.Service\ApiService.csproj", "{B454B418-FDFB-4BDA-BE23-94E84974194C}"
EndProject
Project("{FAE04EC0-301F-11D3-BF4B-00C04F79EFBC}") = "Core", "Engine\Core.csproj", "{D4A3217E-4348-4974-B3B7-BB91D2A4F8A0}"
EndProject
Project("{FAE04EC0-301F-11D3-BF4B-00C04F79EFBC}") = "UnitTests", "Unit.Testing\UnitTests.csproj", "{9EE0ABF5-3FF8-4C9B-9004-661319D6D0E5}"
EndProject
Global
	GlobalSection(SolutionConfigurationPlatforms) = preSolution
		Debug|Any CPU = Debug|Any CPU
		Release|Any CPU = Release|Any CPU
	EndGlobalSection
	GlobalSection(ProjectConfigurationPlatforms) = postSolution
		{B454B418-FDFB-4BDA-BE23-94E84974194C}.Debug|Any CPU.ActiveCfg = Debug|Any CPU
		{B454B418-FDFB-4BDA-BE23-94E84974194C}.Debug|Any CPU.Build.0 = Debug|Any CPU
		{B454B418-FDFB-4BDA-BE23-94E84974194C}.Release|Any CPU.ActiveCfg = Release|Any CPU
		{B454B418-FDFB-4BDA-BE23-94E84974194C}.Release|Any CPU.Build.0 = Release|Any CPU
		{D4A3217E-4348-4974-B3B7-BB91D2A4F8A0}.Debug|Any CPU.ActiveCfg = Debug|Any CPU
		{D4A3217E-4348-4974-B3B7-BB91D2A4F8A0}.Debug|Any CPU.Build.0 = Debug|Any CPU
		{D4A3217E-4348-4974-B3B7-BB91D2A4F8A0}.Release|Any CPU.ActiveCfg = Release|Any CPU
		{D4A3217E-4348-4974-B3B7-BB91D2A4F8A0}.Release|Any CPU.Build.0 = Release|Any CPU
		{9EE0ABF5-3FF8-4C9B-9004-661319D6D0E5}.Debug|Any CPU.ActiveCfg = Debug|Any CPU
		{9EE0ABF5-3FF8-4C9B-9004-661319D6D0E5}.Debug|Any CPU.Build.0 = Debug|Any CPU
		{9EE0ABF5-3FF8-4C9B-9004-661319D6D0E5}.Release|Any CPU.ActiveCfg = Release|Any CPU
		{9EE0ABF5-3FF8-4C9B-9004-661319D6D0E5}.Release|Any CPU.Build.0 = Release|Any CPU
	EndGlobalSection
	GlobalSection(SolutionProperties) = preSolution
		HideSolutionNode = FALSE
	EndGlobalSection
	GlobalSection(ExtensibilityGlobals) = postSolution
		SolutionGuid = {AB8CDF05-94F2-479B-BA7B-71E0CD35C88A}
	EndGlobalSection
EndGlobal
